
Microsoft Visual Studio Solution File, Format Version 12.00
# Visual Studio Version 17
VisualStudioVersion = 17.4.33205.214
MinimumVisualStudioVersion = 10.0.40219.1
Project("{FAE04EC0-301F-11D3-BF4B-00C04F79EFBC}") = "pexeso_start", "pexeso_start\pexeso_start.csproj", "{9CC2494E-540D-4A31-B1FB-23E276FCD737}"
EndProject
Global
	GlobalSection(SolutionConfigurationPlatforms) = preSolution
		Debug|Any CPU = Debug|Any CPU
		Release|Any CPU = Release|Any CPU
	EndGlobalSection
	GlobalSection(ProjectConfigurationPlatforms) = postSolution
		{9CC2494E-540D-4A31-B1FB-23E276FCD737}.Debug|Any CPU.ActiveCfg = Debug|Any CPU
		{9CC2494E-540D-4A31-B1FB-23E276FCD737}.Debug|Any CPU.Build.0 = Debug|Any CPU
		{9CC2494E-540D-4A31-B1FB-23E276FCD737}.Release|Any CPU.ActiveCfg = Release|Any CPU
		{9CC2494E-540D-4A31-B1FB-23E276FCD737}.Release|Any CPU.Build.0 = Release|Any CPU
	EndGlobalSection
	GlobalSection(SolutionProperties) = preSolution
		HideSolutionNode = FALSE
	EndGlobalSection
	GlobalSection(ExtensibilityGlobals) = postSolution
		SolutionGuid = {2B20E292-703F-4F66-ADA3-367F8244FC03}
	EndGlobalSection
EndGlobal
